PODS:
  - libextobjc/EXTKeyPathCoding (0.4.1):
    - libextobjc/RuntimeExtensions
  - libextobjc/RuntimeExtensions (0.4.1)
  - TotalObserver/Core (0.1.2)
  - TotalObserver/Shorthand (0.1.2):
    - TotalObserver/Core

DEPENDENCIES:
  - libextobjc/EXTKeyPathCoding
  - TotalObserver/Shorthand (from `../`)

EXTERNAL SOURCES:
  TotalObserver:
    :path: "../"

SPEC CHECKSUMS:
  libextobjc: a650fc1bf489a3d3a9bc2e621efa3e1006fc5471
  TotalObserver: e45a2cf78fdb40b69b64fa0cc37edfa5d36384d4

COCOAPODS: 0.39.0
